
Microsoft Visual Studio Solution File, Format Version 12.00
# Visual Studio Version 17
VisualStudioVersion = 17.5.002.0
MinimumVisualStudioVersion = 10.0.40219.1
Project("{9A19103F-16F7-4668-BE54-9A1E7A4F7556}") = "Plan", "Plan.csproj", "{ADA45572-B271-4B1F-9884-8EE6FB586930}"
EndProject
Global
	GlobalSection(SolutionConfigurationPlatforms) = preSolution
		Debug|Any CPU = Debug|Any CPU
		Release|Any CPU = Release|Any CPU
	EndGlobalSection
	GlobalSection(ProjectConfigurationPlatforms) = postSolution
		{ADA45572-B271-4B1F-9884-8EE6FB586930}.Debug|Any CPU.ActiveCfg = Debug|Any CPU
		{ADA45572-B271-4B1F-9884-8EE6FB586930}.Debug|Any CPU.Build.0 = Debug|Any CPU
		{ADA45572-B271-4B1F-9884-8EE6FB586930}.Release|Any CPU.ActiveCfg = Release|Any CPU
		{ADA45572-B271-4B1F-9884-8EE6FB586930}.Release|Any CPU.Build.0 = Release|Any CPU
	EndGlobalSection
	GlobalSection(SolutionProperties) = preSolution
		HideSolutionNode = FALSE
	EndGlobalSection
	GlobalSection(ExtensibilityGlobals) = postSolution
		SolutionGuid = {EEAA30F7-5AB1-44E6-B46D-4AAC9B83F430}
	EndGlobalSection
EndGlobal
